{
  "name": "browser-game",
  "version": "1.0.0",
  "lockfileVersion": 2,
  "requires": true,
  "packages": {
    "": {
      "name": "browser-game",
      "version": "1.0.0",
      "license": "ISC",
      "devDependencies": {
        "konva": "^9.0.2",
        "typescript": "^5.0.4"
      }
    },
    "node_modules/konva": {
      "version": "9.0.2",
      "resolved": "https://registry.npmjs.org/konva/-/konva-9.0.2.tgz",
      "integrity": "sha512-kHPqZkIN191ysRD5OnWezIzcJtENyMZkCqRxi4szq9iyGzBDugxZkx5RmHWkmuDE9cR1lyeJoeQTeV5hoaGplg==",
      "dev": true,
      "funding": [
        {
          "type": "patreon",
          "url": "https://www.patreon.com/lavrton"
        },
        {
          "type": "opencollective",
          "url": "https://opencollective.com/konva"
        },
        {
          "type": "github",
          "url": "https://github.com/sponsors/lavrton"
        }
      ]
    },
    "node_modules/typescript": {
      "version": "5.0.4",
      "resolved": "https://registry.npmjs.org/typescript/-/typescript-5.0.4.tgz",
      "integrity": "sha512-cW9T5W9xY37cc+jfEnaUvX91foxtHkza3Nw3wkoF4sSlKn0MONdkdEndig/qPBWXNkmplh3NzayQzCiHM4/hqw==",
      "dev": true,
      "bin": {
        "tsc": "bin/tsc",
        "tsserver": "bin/tsserver"
      },
      "engines": {
        "node": ">=12.20"
      }
    }
  },
  "dependencies": {
    "konva": {
      "version": "9.0.2",
      "resolved": "https://registry.npmjs.org/konva/-/konva-9.0.2.tgz",
      "integrity": "sha512-kHPqZkIN191ysRD5OnWezIzcJtENyMZkCqRxi4szq9iyGzBDugxZkx5RmHWkmuDE9cR1lyeJoeQTeV5hoaGplg==",
      "dev": true
    },
    "typescript": {
      "version": "5.0.4",
      "resolved": "https://registry.npmjs.org/typescript/-/typescript-5.0.4.tgz",
      "integrity": "sha512-cW9T5W9xY37cc+jfEnaUvX91foxtHkza3Nw3wkoF4sSlKn0MONdkdEndig/qPBWXNkmplh3NzayQzCiHM4/hqw==",
      "dev": true
    }
  }
}
